Microsoft Visual Studio Solution File, Format Version 12.00
# Visual Studio 14
VisualStudioVersion = 14.0.25123.0
MinimumVisualStudioVersion = 10.0.40219.1
Project("{FAE04EC0-301F-11D3-BF4B-00C04F79EFBC}") = "Claude", "ClaudeBootStrap\Claude.csproj", "{F0788A53-E034-4037-84AF-FF1EB9FACCC2}"
EndProject
Project("{FAE04EC0-301F-11D3-BF4B-00C04F79EFBC}") = "ViewData", "ViewData\ViewData.csproj", "{9F1858B5-9D5B-4870-A821-2CE80F5213A8}"
EndProject
Project("{FAE04EC0-301F-11D3-BF4B-00C04F79EFBC}") = "DataLayerCommon", "DataLayerCommon\DataLayerCommon.csproj", "{1ABF531D-949D-4DCC-B31C-53DF3225BBF8}"
EndProject
Project("{FAE04EC0-301F-11D3-BF4B-00C04F79EFBC}") = "DataLayerReorder", "DataLayerReorder\DataLayerReorder.csproj", "{7E0856C1-30BC-4F20-AD03-9955C26B5815}"
EndProject
Project("{FAE04EC0-301F-11D3-BF4B-00C04F79EFBC}") = "DataLayerRetrieval", "DataLayerRetrieval\DataLayerRetrieval.csproj", "{B5F991B7-C327-4DA7-A417-365D5C7B8DAB}"
EndProject
Project("{FAE04EC0-301F-11D3-BF4B-00C04F79EFBC}") = "DataLayerSave", "DataLayerSave\DataLayerSave.csproj", "{E2CDF472-6531-4941-9816-B86E74D52A87}"
EndProject
Project("{FAE04EC0-301F-11D3-BF4B-00C04F79EFBC}") = "ManagementSave", "ManagementSave\ManagementSave.csproj", "{652684D2-1F4B-415E-8B1D-2EA5D187FEEC}"
EndProject
Project("{FAE04EC0-301F-11D3-BF4B-00C04F79EFBC}") = "ManagementLookup", "ManagementLookup\ManagementLookup.csproj", "{78C803F9-71E5-4FD6-8763-97F39CEC113B}"
EndProject
Project("{FAE04EC0-301F-11D3-BF4B-00C04F79EFBC}") = "ManagementRetrieval", "ManagementRetrieval\ManagementRetrieval.csproj", "{793BF538-1546-48AB-93A2-F6A7164E19F6}"
EndProject
Project("{FAE04EC0-301F-11D3-BF4B-00C04F79EFBC}") = "CommonDataSave", "CommonDataSave\CommonDataSave.csproj", "{B5277E31-13BA-4A2D-8E39-BF88780119E8}"
EndProject
Project("{FAE04EC0-301F-11D3-BF4B-00C04F79EFBC}") = "CommonDataRetrieval", "CommonDataRetrieval\CommonDataRetrieval.csproj", "{7F3C4322-E4EF-47A5-947C-9611673A58DE}"
EndProject
Project("{FAE04EC0-301F-11D3-BF4B-00C04F79EFBC}") = "CommonData", "CommonData\CommonData.csproj", "{FB0DEC60-3BA3-4BD7-A268-5A78AB280F3A}"
EndProject
Project("{FAE04EC0-301F-11D3-BF4B-00C04F79EFBC}") = "ManagementReorder", "ManagementReorder\ManagementReorder.csproj", "{8059E65D-DAB7-45C9-A973-E0DE4D7D5949}"
EndProject
Project("{FAE04EC0-301F-11D3-BF4B-00C04F79EFBC}") = "ManagementDelete", "ManagementDelete\ManagementDelete.csproj", "{58E2CA36-85D6-4B22-A537-0D3FECC188CA}"
EndProject
Project("{FAE04EC0-301F-11D3-BF4B-00C04F79EFBC}") = "CommonDataReorder", "CommonDataReorder\CommonDataReorder.csproj", "{F227400F-C0CD-4DD4-AAD1-3BE0A610707C}"
EndProject
Project("{FAE04EC0-301F-11D3-BF4B-00C04F79EFBC}") = "DataLayerDelete", "DataLayerDelete\DataLayerDelete.csproj", "{A7351D1C-9AA0-4821-A977-F98C6F11B398}"
EndProject
Project("{FAE04EC0-301F-11D3-BF4B-00C04F79EFBC}") = "CommonDataReturn", "CommonDataReturn\CommonDataReturn.csproj", "{FED614C4-FF73-431F-B4CF-04864E6D3F40}"
EndProject
Project("{FAE04EC0-301F-11D3-BF4B-00C04F79EFBC}") = "DataLayerLookup", "DataLayerLookup\DataLayerLookup.csproj", "{7DBA8333-F03E-479A-B4E0-2C6C06C97715}"
EndProject
Project("{FAE04EC0-301F-11D3-BF4B-00C04F79EFBC}") = "CommonDataLookup", "CommonDataLookup\CommonDataLookup.csproj", "{2A8554D8-4591-4DB6-9ADF-6EF142505384}"
EndProject
Global
	GlobalSection(SolutionConfigurationPlatforms) = preSolution
		Debug|Any CPU = Debug|Any CPU
		Release|Any CPU = Release|Any CPU
	EndGlobalSection
	GlobalSection(ProjectConfigurationPlatforms) = postSolution
		{F0788A53-E034-4037-84AF-FF1EB9FACCC2}.Debug|Any CPU.ActiveCfg = Debug|Any CPU
		{F0788A53-E034-4037-84AF-FF1EB9FACCC2}.Debug|Any CPU.Build.0 = Debug|Any CPU
		{F0788A53-E034-4037-84AF-FF1EB9FACCC2}.Release|Any CPU.ActiveCfg = Release|Any CPU
		{F0788A53-E034-4037-84AF-FF1EB9FACCC2}.Release|Any CPU.Build.0 = Release|Any CPU
		{9F1858B5-9D5B-4870-A821-2CE80F5213A8}.Debug|Any CPU.ActiveCfg = Debug|Any CPU
		{9F1858B5-9D5B-4870-A821-2CE80F5213A8}.Debug|Any CPU.Build.0 = Debug|Any CPU
		{9F1858B5-9D5B-4870-A821-2CE80F5213A8}.Release|Any CPU.ActiveCfg = Release|Any CPU
		{9F1858B5-9D5B-4870-A821-2CE80F5213A8}.Release|Any CPU.Build.0 = Release|Any CPU
		{1ABF531D-949D-4DCC-B31C-53DF3225BBF8}.Debug|Any CPU.ActiveCfg = Debug|Any CPU
		{1ABF531D-949D-4DCC-B31C-53DF3225BBF8}.Debug|Any CPU.Build.0 = Debug|Any CPU
		{1ABF531D-949D-4DCC-B31C-53DF3225BBF8}.Release|Any CPU.ActiveCfg = Release|Any CPU
		{1ABF531D-949D-4DCC-B31C-53DF3225BBF8}.Release|Any CPU.Build.0 = Release|Any CPU
		{7E0856C1-30BC-4F20-AD03-9955C26B5815}.Debug|Any CPU.ActiveCfg = Debug|Any CPU
		{7E0856C1-30BC-4F20-AD03-9955C26B5815}.Debug|Any CPU.Build.0 = Debug|Any CPU
		{7E0856C1-30BC-4F20-AD03-9955C26B5815}.Release|Any CPU.ActiveCfg = Release|Any CPU
		{7E0856C1-30BC-4F20-AD03-9955C26B5815}.Release|Any CPU.Build.0 = Release|Any CPU
		{B5F991B7-C327-4DA7-A417-365D5C7B8DAB}.Debug|Any CPU.ActiveCfg = Debug|Any CPU
		{B5F991B7-C327-4DA7-A417-365D5C7B8DAB}.Debug|Any CPU.Build.0 = Debug|Any CPU
		{B5F991B7-C327-4DA7-A417-365D5C7B8DAB}.Release|Any CPU.ActiveCfg = Release|Any CPU
		{B5F991B7-C327-4DA7-A417-365D5C7B8DAB}.Release|Any CPU.Build.0 = Release|Any CPU
		{E2CDF472-6531-4941-9816-B86E74D52A87}.Debug|Any CPU.ActiveCfg = Debug|Any CPU
		{E2CDF472-6531-4941-9816-B86E74D52A87}.Debug|Any CPU.Build.0 = Debug|Any CPU
		{E2CDF472-6531-4941-9816-B86E74D52A87}.Release|Any CPU.ActiveCfg = Release|Any CPU
		{E2CDF472-6531-4941-9816-B86E74D52A87}.Release|Any CPU.Build.0 = Release|Any CPU
		{652684D2-1F4B-415E-8B1D-2EA5D187FEEC}.Debug|Any CPU.ActiveCfg = Debug|Any CPU
		{652684D2-1F4B-415E-8B1D-2EA5D187FEEC}.Debug|Any CPU.Build.0 = Debug|Any CPU
		{652684D2-1F4B-415E-8B1D-2EA5D187FEEC}.Release|Any CPU.ActiveCfg = Release|Any CPU
		{652684D2-1F4B-415E-8B1D-2EA5D187FEEC}.Release|Any CPU.Build.0 = Release|Any CPU
		{78C803F9-71E5-4FD6-8763-97F39CEC113B}.Debug|Any CPU.ActiveCfg = Debug|Any CPU
		{78C803F9-71E5-4FD6-8763-97F39CEC113B}.Debug|Any CPU.Build.0 = Debug|Any CPU
		{78C803F9-71E5-4FD6-8763-97F39CEC113B}.Release|Any CPU.ActiveCfg = Release|Any CPU
		{78C803F9-71E5-4FD6-8763-97F39CEC113B}.Release|Any CPU.Build.0 = Release|Any CPU
		{793BF538-1546-48AB-93A2-F6A7164E19F6}.Debug|Any CPU.ActiveCfg = Debug|Any CPU
		{793BF538-1546-48AB-93A2-F6A7164E19F6}.Debug|Any CPU.Build.0 = Debug|Any CPU
		{793BF538-1546-48AB-93A2-F6A7164E19F6}.Release|Any CPU.ActiveCfg = Release|Any CPU
		{793BF538-1546-48AB-93A2-F6A7164E19F6}.Release|Any CPU.Build.0 = Release|Any CPU
		{B5277E31-13BA-4A2D-8E39-BF88780119E8}.Debug|Any CPU.ActiveCfg = Debug|Any CPU
		{B5277E31-13BA-4A2D-8E39-BF88780119E8}.Debug|Any CPU.Build.0 = Debug|Any CPU
		{B5277E31-13BA-4A2D-8E39-BF88780119E8}.Release|Any CPU.ActiveCfg = Release|Any CPU
		{B5277E31-13BA-4A2D-8E39-BF88780119E8}.Release|Any CPU.Build.0 = Release|Any CPU
		{7F3C4322-E4EF-47A5-947C-9611673A58DE}.Debug|Any CPU.ActiveCfg = Debug|Any CPU
		{7F3C4322-E4EF-47A5-947C-9611673A58DE}.Debug|Any CPU.Build.0 = Debug|Any CPU
		{7F3C4322-E4EF-47A5-947C-9611673A58DE}.Release|Any CPU.ActiveCfg = Release|Any CPU
		{7F3C4322-E4EF-47A5-947C-9611673A58DE}.Release|Any CPU.Build.0 = Release|Any CPU
		{FB0DEC60-3BA3-4BD7-A268-5A78AB280F3A}.Debug|Any CPU.ActiveCfg = Debug|Any CPU
		{FB0DEC60-3BA3-4BD7-A268-5A78AB280F3A}.Debug|Any CPU.Build.0 = Debug|Any CPU
		{FB0DEC60-3BA3-4BD7-A268-5A78AB280F3A}.Release|Any CPU.ActiveCfg = Release|Any CPU
		{FB0DEC60-3BA3-4BD7-A268-5A78AB280F3A}.Release|Any CPU.Build.0 = Release|Any CPU
		{8059E65D-DAB7-45C9-A973-E0DE4D7D5949}.Debug|Any CPU.ActiveCfg = Debug|Any CPU
		{8059E65D-DAB7-45C9-A973-E0DE4D7D5949}.Debug|Any CPU.Build.0 = Debug|Any CPU
		{8059E65D-DAB7-45C9-A973-E0DE4D7D5949}.Release|Any CPU.ActiveCfg = Release|Any CPU
		{8059E65D-DAB7-45C9-A973-E0DE4D7D5949}.Release|Any CPU.Build.0 = Release|Any CPU
		{58E2CA36-85D6-4B22-A537-0D3FECC188CA}.Debug|Any CPU.ActiveCfg = Debug|Any CPU
		{58E2CA36-85D6-4B22-A537-0D3FECC188CA}.Debug|Any CPU.Build.0 = Debug|Any CPU
		{58E2CA36-85D6-4B22-A537-0D3FECC188CA}.Release|Any CPU.ActiveCfg = Release|Any CPU
		{58E2CA36-85D6-4B22-A537-0D3FECC188CA}.Release|Any CPU.Build.0 = Release|Any CPU
		{F227400F-C0CD-4DD4-AAD1-3BE0A610707C}.Debug|Any CPU.ActiveCfg = Debug|Any CPU
		{F227400F-C0CD-4DD4-AAD1-3BE0A610707C}.Debug|Any CPU.Build.0 = Debug|Any CPU
		{F227400F-C0CD-4DD4-AAD1-3BE0A610707C}.Release|Any CPU.ActiveCfg = Release|Any CPU
		{F227400F-C0CD-4DD4-AAD1-3BE0A610707C}.Release|Any CPU.Build.0 = Release|Any CPU
		{A7351D1C-9AA0-4821-A977-F98C6F11B398}.Debug|Any CPU.ActiveCfg = Debug|Any CPU
		{A7351D1C-9AA0-4821-A977-F98C6F11B398}.Debug|Any CPU.Build.0 = Debug|Any CPU
		{A7351D1C-9AA0-4821-A977-F98C6F11B398}.Release|Any CPU.ActiveCfg = Release|Any CPU
		{A7351D1C-9AA0-4821-A977-F98C6F11B398}.Release|Any CPU.Build.0 = Release|Any CPU
		{FED614C4-FF73-431F-B4CF-04864E6D3F40}.Debug|Any CPU.ActiveCfg = Debug|Any CPU
		{FED614C4-FF73-431F-B4CF-04864E6D3F40}.Debug|Any CPU.Build.0 = Debug|Any CPU
		{FED614C4-FF73-431F-B4CF-04864E6D3F40}.Release|Any CPU.ActiveCfg = Release|Any CPU
		{FED614C4-FF73-431F-B4CF-04864E6D3F40}.Release|Any CPU.Build.0 = Release|Any CPU
		{7DBA8333-F03E-479A-B4E0-2C6C06C97715}.Debug|Any CPU.ActiveCfg = Debug|Any CPU
		{7DBA8333-F03E-479A-B4E0-2C6C06C97715}.Debug|Any CPU.Build.0 = Debug|Any CPU
		{7DBA8333-F03E-479A-B4E0-2C6C06C97715}.Release|Any CPU.ActiveCfg = Release|Any CPU
		{7DBA8333-F03E-479A-B4E0-2C6C06C97715}.Release|Any CPU.Build.0 = Release|Any CPU
		{2A8554D8-4591-4DB6-9ADF-6EF142505384}.Debug|Any CPU.ActiveCfg = Debug|Any CPU
		{2A8554D8-4591-4DB6-9ADF-6EF142505384}.Debug|Any CPU.Build.0 = Debug|Any CPU
		{2A8554D8-4591-4DB6-9ADF-6EF142505384}.Release|Any CPU.ActiveCfg = Release|Any CPU
		{2A8554D8-4591-4DB6-9ADF-6EF142505384}.Release|Any CPU.Build.0 = Release|Any CPU
	EndGlobalSection
	GlobalSection(SolutionProperties) = preSolution
		HideSolutionNode = FALSE
	EndGlobalSection
EndGlobal
